
Microsoft Visual Studio Solution File, Format Version 12.00
# Visual Studio Version 16
VisualStudioVersion = 16.0.32126.315
MinimumVisualStudioVersion = 10.0.40219.1
Project("{8BC9CEB8-8B4A-11D0-8D11-00A0C91BC942}") = "MiosGE", "MiosGE\MiosGE.vcxproj", "{339268C4-C74F-4122-B7B4-3071CA4637C6}"
EndProject
Project("{8BC9CEB8-8B4A-11D0-8D11-00A0C91BC942}") = "MiosDemo", "MiosDemo\MiosDemo.vcxproj", "{0D9F177D-39D1-4AE8-A7A4-92446868A627}"
EndProject
Project("{8BC9CEB8-8B4A-11D0-8D11-00A0C91BC942}") = "GLFW", "GLFW\GLFW.vcxproj", "{AF095AF0-FA78-4CF1-9938-91EDD1465D88}"
EndProject
Project("{8BC9CEB8-8B4A-11D0-8D11-00A0C91BC942}") = "GLAD", "GLAD\GLAD.vcxproj", "{2B7E61B5-C6A2-4388-A4B7-BFD3A38C9ADC}"
EndProject
Project("{8BC9CEB8-8B4A-11D0-8D11-00A0C91BC942}") = "ImGui", "ImGui\ImGui.vcxproj", "{6BE205FB-D19C-4066-94A9-E7B44F9709BD}"
EndProject
Project("{8BC9CEB8-8B4A-11D0-8D11-00A0C91BC942}") = "Editor", "Editor\Editor.vcxproj", "{366AFDE6-55D6-484A-9571-CF0D29DB227C}"
EndProject
Project("{8BC9CEB8-8B4A-11D0-8D11-00A0C91BC942}") = "yaml-cpp", "yaml-cpp\yaml-cpp.vcxproj", "{13751313-555A-4FD5-B4B2-F281C3855ADD}"
EndProject
Global
	GlobalSection(SolutionConfigurationPlatforms) = preSolution
		Debug|x64 = Debug|x64
		Debug|x86 = Debug|x86
		Release|x64 = Release|x64
		Release|x86 = Release|x86
	EndGlobalSection
	GlobalSection(ProjectConfigurationPlatforms) = postSolution
		{339268C4-C74F-4122-B7B4-3071CA4637C6}.Debug|x64.ActiveCfg = Debug|x64
		{339268C4-C74F-4122-B7B4-3071CA4637C6}.Debug|x64.Build.0 = Debug|x64
		{339268C4-C74F-4122-B7B4-3071CA4637C6}.Debug|x86.ActiveCfg = Debug|Win32
		{339268C4-C74F-4122-B7B4-3071CA4637C6}.Debug|x86.Build.0 = Debug|Win32
		{339268C4-C74F-4122-B7B4-3071CA4637C6}.Release|x64.ActiveCfg = Release|x64
		{339268C4-C74F-4122-B7B4-3071CA4637C6}.Release|x64.Build.0 = Release|x64
		{339268C4-C74F-4122-B7B4-3071CA4637C6}.Release|x86.ActiveCfg = Release|Win32
		{339268C4-C74F-4122-B7B4-3071CA4637C6}.Release|x86.Build.0 = Release|Win32
		{0D9F177D-39D1-4AE8-A7A4-92446868A627}.Debug|x64.ActiveCfg = Debug|x64
		{0D9F177D-39D1-4AE8-A7A4-92446868A627}.Debug|x64.Build.0 = Debug|x64
		{0D9F177D-39D1-4AE8-A7A4-92446868A627}.Debug|x86.ActiveCfg = Debug|Win32
		{0D9F177D-39D1-4AE8-A7A4-92446868A627}.Debug|x86.Build.0 = Debug|Win32
		{0D9F177D-39D1-4AE8-A7A4-92446868A627}.Release|x64.ActiveCfg = Release|x64
		{0D9F177D-39D1-4AE8-A7A4-92446868A627}.Release|x64.Build.0 = Release|x64
		{0D9F177D-39D1-4AE8-A7A4-92446868A627}.Release|x86.ActiveCfg = Release|Win32
		{0D9F177D-39D1-4AE8-A7A4-92446868A627}.Release|x86.Build.0 = Release|Win32
		{AF095AF0-FA78-4CF1-9938-91EDD1465D88}.Debug|x64.ActiveCfg = Debug|x64
		{AF095AF0-FA78-4CF1-9938-91EDD1465D88}.Debug|x64.Build.0 = Debug|x64
		{AF095AF0-FA78-4CF1-9938-91EDD1465D88}.Debug|x86.ActiveCfg = Debug|Win32
		{AF095AF0-FA78-4CF1-9938-91EDD1465D88}.Debug|x86.Build.0 = Debug|Win32
		{AF095AF0-FA78-4CF1-9938-91EDD1465D88}.Release|x64.ActiveCfg = Release|x64
		{AF095AF0-FA78-4CF1-9938-91EDD1465D88}.Release|x64.Build.0 = Release|x64
		{AF095AF0-FA78-4CF1-9938-91EDD1465D88}.Release|x86.ActiveCfg = Release|Win32
		{AF095AF0-FA78-4CF1-9938-91EDD1465D88}.Release|x86.Build.0 = Release|Win32
		{2B7E61B5-C6A2-4388-A4B7-BFD3A38C9ADC}.Debug|x64.ActiveCfg = Debug|x64
		{2B7E61B5-C6A2-4388-A4B7-BFD3A38C9ADC}.Debug|x64.Build.0 = Debug|x64
		{2B7E61B5-C6A2-4388-A4B7-BFD3A38C9ADC}.Debug|x86.ActiveCfg = Debug|Win32
		{2B7E61B5-C6A2-4388-A4B7-BFD3A38C9ADC}.Debug|x86.Build.0 = Debug|Win32
		{2B7E61B5-C6A2-4388-A4B7-BFD3A38C9ADC}.Release|x64.ActiveCfg = Release|x64
		{2B7E61B5-C6A2-4388-A4B7-BFD3A38C9ADC}.Release|x64.Build.0 = Release|x64
		{2B7E61B5-C6A2-4388-A4B7-BFD3A38C9ADC}.Release|x86.ActiveCfg = Release|Win32
		{2B7E61B5-C6A2-4388-A4B7-BFD3A38C9ADC}.Release|x86.Build.0 = Release|Win32
		{6BE205FB-D19C-4066-94A9-E7B44F9709BD}.Debug|x64.ActiveCfg = Debug|x64
		{6BE205FB-D19C-4066-94A9-E7B44F9709BD}.Debug|x64.Build.0 = Debug|x64
		{6BE205FB-D19C-4066-94A9-E7B44F9709BD}.Debug|x86.ActiveCfg = Debug|Win32
		{6BE205FB-D19C-4066-94A9-E7B44F9709BD}.Debug|x86.Build.0 = Debug|Win32
		{6BE205FB-D19C-4066-94A9-E7B44F9709BD}.Release|x64.ActiveCfg = Release|x64
		{6BE205FB-D19C-4066-94A9-E7B44F9709BD}.Release|x64.Build.0 = Release|x64
		{6BE205FB-D19C-4066-94A9-E7B44F9709BD}.Release|x86.ActiveCfg = Release|Win32
		{6BE205FB-D19C-4066-94A9-E7B44F9709BD}.Release|x86.Build.0 = Release|Win32
		{366AFDE6-55D6-484A-9571-CF0D29DB227C}.Debug|x64.ActiveCfg = Debug|x64
		{366AFDE6-55D6-484A-9571-CF0D29DB227C}.Debug|x64.Build.0 = Debug|x64
		{366AFDE6-55D6-484A-9571-CF0D29DB227C}.Debug|x86.ActiveCfg = Debug|Win32
		{366AFDE6-55D6-484A-9571-CF0D29DB227C}.Debug|x86.Build.0 = Debug|Win32
		{366AFDE6-55D6-484A-9571-CF0D29DB227C}.Release|x64.ActiveCfg = Release|x64
		{366AFDE6-55D6-484A-9571-CF0D29DB227C}.Release|x64.Build.0 = Release|x64
		{366AFDE6-55D6-484A-9571-CF0D29DB227C}.Release|x86.ActiveCfg = Release|Win32
		{366AFDE6-55D6-484A-9571-CF0D29DB227C}.Release|x86.Build.0 = Release|Win32
		{13751313-555A-4FD5-B4B2-F281C3855ADD}.Debug|x64.ActiveCfg = Debug|x64
		{13751313-555A-4FD5-B4B2-F281C3855ADD}.Debug|x64.Build.0 = Debug|x64
		{13751313-555A-4FD5-B4B2-F281C3855ADD}.Debug|x86.ActiveCfg = Debug|Win32
		{13751313-555A-4FD5-B4B2-F281C3855ADD}.Debug|x86.Build.0 = Debug|Win32
		{13751313-555A-4FD5-B4B2-F281C3855ADD}.Release|x64.ActiveCfg = Release|x64
		{13751313-555A-4FD5-B4B2-F281C3855ADD}.Release|x64.Build.0 = Release|x64
		{13751313-555A-4FD5-B4B2-F281C3855ADD}.Release|x86.ActiveCfg = Release|Win32
		{13751313-555A-4FD5-B4B2-F281C3855ADD}.Release|x86.Build.0 = Release|Win32
	EndGlobalSection
	GlobalSection(SolutionProperties) = preSolution
		HideSolutionNode = FALSE
	EndGlobalSection
	GlobalSection(ExtensibilityGlobals) = postSolution
		SolutionGuid = {728511B3-91F5-4E13-A997-792E41DAA8AD}
	EndGlobalSection
EndGlobal
